
Microsoft Visual Studio Solution File, Format Version 12.00
# Visual Studio Version 16
VisualStudioVersion = 16.0.31729.503
MinimumVisualStudioVersion = 10.0.40219.1
Project("{FAE04EC0-301F-11D3-BF4B-00C04F79EFBC}") = "Attendance App", "Attendance App\Attendance App.csproj", "{83C71B18-826A-4F31-82AA-7A42605D9C01}"
EndProject
Global
	GlobalSection(SolutionConfigurationPlatforms) = preSolution
		Debug|Any CPU = Debug|Any CPU
		Release|Any CPU = Release|Any CPU
	EndGlobalSection
	GlobalSection(ProjectConfigurationPlatforms) = postSolution
		{83C71B18-826A-4F31-82AA-7A42605D9C01}.Debug|Any CPU.ActiveCfg = Debug|Any CPU
		{83C71B18-826A-4F31-82AA-7A42605D9C01}.Debug|Any CPU.Build.0 = Debug|Any CPU
		{83C71B18-826A-4F31-82AA-7A42605D9C01}.Release|Any CPU.ActiveCfg = Release|Any CPU
		{83C71B18-826A-4F31-82AA-7A42605D9C01}.Release|Any CPU.Build.0 = Release|Any CPU
	EndGlobalSection
	GlobalSection(SolutionProperties) = preSolution
		HideSolutionNode = FALSE
	EndGlobalSection
	GlobalSection(ExtensibilityGlobals) = postSolution
		SolutionGuid = {1AEBA81F-16FA-4B6C-A09D-745B2FAFC1C8}
	EndGlobalSection
EndGlobal
